<?xml version="1.0" encoding="utf-8"?>
<Project ToolsVersion="4.0" xmlns="http://schemas.microsoft.com/developer/msbuild/2003">
  <ItemGroup>
    <Filter Include="Resource Files">
      <UniqueIdentifier>{67DA6AB6-F800-4c08-8B7A-83BB121AAD01}</UniqueIdentifier>
      <Extensions>rc;ico;cur;bmp;dlg;rc2;rct;bin;rgs;gif;jpg;jpeg;jpe;resx;tiff;tif;png;wav;mfcribbon-ms</Extensions>
    </Filter>
    <Filter Include="Resource Files\Source Files">
      <UniqueIdentifier>{4FC737F1-C7A5-4376-A066-2A32D752A2FF}</UniqueIdentifier>
      <Extensions>cpp;c;cc;cxx;c++;cppm;ixx;def;odl;idl;hpj;bat;asm;asmx</Extensions>
    </Filter>
    <Filter Include="Resource Files\Source Files\3rdParty">
      <UniqueIdentifier>{d01e09bc-2823-4426-8069-c575e8ffd8e4}</UniqueIdentifier>
    </Filter>
    <Filter Include="Resource Files\Header Files">
      <UniqueIdentifier>{93995380-89BD-4b04-88EB-625FBE52EBFB}</UniqueIdentifier>
      <Extensions>h;hh;hpp;hxx;h++;hm;inl;inc;ipp;xsd</Extensions>
    </Filter>
    <Filter Include="Resource Files\Source Files\Core">
      <UniqueIdentifier>{d3be3ec9-65b4-4f85-bbcf-68a4a504fb49}</UniqueIdentifier>
    </Filter>
    <Filter Include="Resource Files\Header Files\Editor">
      <UniqueIdentifier>{3964c90e-ced7-4eb7-972b-0127e2dfb546}</UniqueIdentifier>
    </Filter>
    <Filter Include="Resource Files\Source Files\Editor">
      <UniqueIdentifier>{e6bed7ac-df58-4119-9e80-4cb8651a1d44}</UniqueIdentifier>
    </Filter>
    <Filter Include="Resource Files\Header Files\Core">
      <UniqueIdentifier>{d2f67161-023c-4103-945d-d6fb9505f53f}</UniqueIdentifier>
    </Filter>
    <Filter Include="Resource Files\Header Files\Core\Containers">
      <UniqueIdentifier>{8baf6f56-1924-4344-9932-63d6179560dd}</UniqueIdentifier>
    </Filter>
  </ItemGroup>
  <ItemGroup>
    <ClCompile Include="3rdParty\opengl\glad.c">
      <Filter>Resource Files\Source Files\3rdParty</Filter>
    </ClCompile>
    <ClCompile Include="Engine\Core\gApplication.cpp">
      <Filter>Resource Files\Source Files\Core</Filter>
    </ClCompile>
    <ClCompile Include="Engine\Core\gAudioBuffer.cpp">
      <Filter>Resource Files\Source Files\Core</Filter>
    </ClCompile>
    <ClCompile Include="Engine\Core\gAudioMg.cpp">
      <Filter>Resource Files\Source Files\Core</Filter>
    </ClCompile>
    <ClCompile Include="Engine\Core\gCommon.cpp">
      <Filter>Resource Files\Source Files\Core</Filter>
    </ClCompile>
    <ClCompile Include="Engine\Core\gImage.cpp">
      <Filter>Resource Files\Source Files\Core</Filter>
    </ClCompile>
    <ClCompile Include="Engine\Core\gInputMg.cpp">
      <Filter>Resource Files\Source Files\Core</Filter>
    </ClCompile>
    <ClCompile Include="Engine\Core\gLogger.cpp">
      <Filter>Resource Files\Source Files\Core</Filter>
    </ClCompile>
    <ClCompile Include="Engine\Core\gMesh.cpp">
      <Filter>Resource Files\Source Files\Core</Filter>
    </ClCompile>
    <ClCompile Include="Engine\Core\gModel.cpp">
      <Filter>Resource Files\Source Files\Core</Filter>
    </ClCompile>
    <ClCompile Include="Engine\Core\gSoundBuffer.cpp">
      <Filter>Resource Files\Source Files\Core</Filter>
    </ClCompile>
    <ClCompile Include="Engine\Core\gSoundDevice.cpp">
      <Filter>Resource Files\Source Files\Core</Filter>
    </ClCompile>
    <ClCompile Include="Engine\Core\gSoundEffectsLib.cpp">
      <Filter>Resource Files\Source Files\Core</Filter>
    </ClCompile>
    <ClCompile Include="Engine\Core\gSoundEffectsPlayer.cpp">
      <Filter>Resource Files\Source Files\Core</Filter>
    </ClCompile>
    <ClCompile Include="Engine\Core\gSoundSource.cpp">
      <Filter>Resource Files\Source Files\Core</Filter>
    </ClCompile>
    <ClCompile Include="Engine\Core\gVideoMg.cpp">
      <Filter>Resource Files\Source Files\Core</Filter>
    </ClCompile>
    <ClCompile Include="Engine\Core\main.cpp">
      <Filter>Resource Files\Source Files\Core</Filter>
    </ClCompile>
    <ClCompile Include="Engine\Editor\gEditor.cpp">
      <Filter>Resource Files\Source Files\Editor</Filter>
    </ClCompile>
    <ClCompile Include="Engine\Editor\gHeaderPanel.cpp">
      <Filter>Resource Files\Source Files\Editor</Filter>
    </ClCompile>
    <ClCompile Include="3rdParty\imgui\imgui.cpp">
      <Filter>Resource Files\Source Files\3rdParty</Filter>
    </ClCompile>
    <ClCompile Include="3rdParty\imgui\imgui_demo.cpp">
      <Filter>Resource Files\Source Files\3rdParty</Filter>
    </ClCompile>
    <ClCompile Include="3rdParty\imgui\imgui_draw.cpp">
      <Filter>Resource Files\Source Files\3rdParty</Filter>
    </ClCompile>
    <ClCompile Include="3rdParty\imgui\imgui_widgets.cpp">
      <Filter>Resource Files\Source Files\3rdParty</Filter>
    </ClCompile>
    <ClCompile Include="3rdParty\imgui\imgui_tables.cpp">
      <Filter>Resource Files\Source Files\3rdParty</Filter>
    </ClCompile>
    <ClCompile Include="3rdParty\imgui\misc\cpp\imgui_stdlib.cpp">
      <Filter>Resource Files\Source Files\3rdParty</Filter>
    </ClCompile>
    <ClCompile Include="3rdParty\imgui\backends\imgui_impl_opengl2.cpp">
      <Filter>Resource Files\Source Files\3rdParty</Filter>
    </ClCompile>
    <ClCompile Include="3rdParty\imgui\backends\imgui_impl_opengl3.cpp">
      <Filter>Resource Files\Source Files\3rdParty</Filter>
    </ClCompile>
    <ClCompile Include="3rdParty\imgui\backends\imgui_impl_glfw.cpp">
      <Filter>Resource Files\Source Files\3rdParty</Filter>
    </ClCompile>
    <ClCompile Include="3rdParty\ImGuiFileDialog\ImGuiFileDialog.cpp">
      <Filter>Resource Files\Source Files\3rdParty</Filter>
    </ClCompile>
    <ClCompile Include="Engine\Editor\gConsole.cpp">
      <Filter>Resource Files\Source Files\Editor</Filter>
    </ClCompile>
    <ClCompile Include="Engine\Editor\gContentBrowser.cpp">
      <Filter>Resource Files\Source Files\Editor</Filter>
    </ClCompile>
    <ClCompile Include="Engine\Core\gObject.cpp">
      <Filter>Resource Files\Source Files\Core</Filter>
    </ClCompile>
    <ClCompile Include="Engine\Core\gParticleEmitter.cpp">
      <Filter>Resource Files\Source Files\Core</Filter>
    </ClCompile>
    <ClCompile Include="Engine\Core\gRersources.cpp">
      <Filter>Resource Files\Source Files\Core</Filter>
    </ClCompile>
    <ClCompile Include="Engine\Core\gPrimitives.cpp">
      <Filter>Resource Files\Source Files\Core</Filter>
    </ClCompile>
    <ClCompile Include="Engine\Game\gTerrain.cpp">
      <Filter>Resource Files\Source Files\Core</Filter>
    </ClCompile>
    <ClCompile Include="Engine\Core\gPhysicsWorld.cpp">
      <Filter>Resource Files\Source Files\Core</Filter>
    </ClCompile>
    <ClCompile Include="Engine\Game\gActor.cpp">
      <Filter>Resource Files\Source Files\Core</Filter>
    </ClCompile>
    <ClCompile Include="Engine\Core\gLighting.cpp">
      <Filter>Resource Files\Source Files\Core</Filter>
    </ClCompile>
    <ClCompile Include="Engine\Editor\gParcticleEditor.cpp">
      <Filter>Resource Files\Source Files\Core</Filter>
    </ClCompile>
  </ItemGroup>
  <ItemGroup>
    <ClInclude Include="Engine\Editor\gEditor.h">
      <Filter>Resource Files\Header Files\Editor</Filter>
    </ClInclude>
    <ClInclude Include="Engine\Core\gApplication.h">
      <Filter>Resource Files\Header Files\Core</Filter>
    </ClInclude>
    <ClInclude Include="Engine\Core\gAudioBuffer.h">
      <Filter>Resource Files\Header Files\Core</Filter>
    </ClInclude>
    <ClInclude Include="Engine\Core\gAudioMg.h">
      <Filter>Resource Files\Header Files\Core</Filter>
    </ClInclude>
    <ClInclude Include="Engine\Core\gCamera.h">
      <Filter>Resource Files\Header Files\Core</Filter>
    </ClInclude>
    <ClInclude Include="Engine\Core\gCommon.h">
      <Filter>Resource Files\Header Files\Core</Filter>
    </ClInclude>
    <ClInclude Include="Engine\Core\gImage.h">
      <Filter>Resource Files\Header Files\Core</Filter>
    </ClInclude>
    <ClInclude Include="Engine\Core\gInputMg.h">
      <Filter>Resource Files\Header Files\Core</Filter>
    </ClInclude>
    <ClInclude Include="Engine\Core\gLogger.h">
      <Filter>Resource Files\Header Files\Core</Filter>
    </ClInclude>
    <ClInclude Include="Engine\Core\gMemory.h">
      <Filter>Resource Files\Header Files\Core</Filter>
    </ClInclude>
    <ClInclude Include="Engine\Core\gMemoryMg.h">
      <Filter>Resource Files\Header Files\Core</Filter>
    </ClInclude>
    <ClInclude Include="Engine\Core\gMesh.h">
      <Filter>Resource Files\Header Files\Core</Filter>
    </ClInclude>
    <ClInclude Include="Engine\Core\gShader.h">
      <Filter>Resource Files\Header Files\Core</Filter>
    </ClInclude>
    <ClInclude Include="Engine\Core\gModel.h">
      <Filter>Resource Files\Header Files\Core</Filter>
    </ClInclude>
    <ClInclude Include="Engine\Core\gSoundBuffer.h">
      <Filter>Resource Files\Header Files\Core</Filter>
    </ClInclude>
    <ClInclude Include="Engine\Core\gSoundDevice.h">
      <Filter>Resource Files\Header Files\Core</Filter>
    </ClInclude>
    <ClInclude Include="Engine\Core\gSoundEffectsLib.h">
      <Filter>Resource Files\Header Files\Core</Filter>
    </ClInclude>
    <ClInclude Include="Engine\Core\gSoundEffectsPlayer.h">
      <Filter>Resource Files\Header Files\Core</Filter>
    </ClInclude>
    <ClInclude Include="Engine\Core\gSoundSource.h">
      <Filter>Resource Files\Header Files\Core</Filter>
    </ClInclude>
    <ClInclude Include="Engine\Core\gVideoMg.h">
      <Filter>Resource Files\Header Files\Core</Filter>
    </ClInclude>
    <ClInclude Include="3rdParty\imgui\imgui_impl_opengl3.h">
      <Filter>Resource Files\Source Files\3rdParty</Filter>
    </ClInclude>
    <ClInclude Include="Engine\Editor\gHeaderPanel.h">
      <Filter>Resource Files\Header Files\Editor</Filter>
    </ClInclude>
    <ClInclude Include="Engine\Core\gTemplate.h">
      <Filter>Resource Files\Header Files\Core</Filter>
    </ClInclude>
    <ClInclude Include="Engine\Editor\gConsole.h">
      <Filter>Resource Files\Header Files\Editor</Filter>
    </ClInclude>
    <ClInclude Include="Engine\Editor\gContentBrowser.h">
      <Filter>Resource Files\Header Files\Editor</Filter>
    </ClInclude>
    <ClInclude Include="Engine\Core\gObject.h">
      <Filter>Resource Files\Header Files\Core</Filter>
    </ClInclude>
    <ClInclude Include="Engine\Core\gAmbientLight.h">
      <Filter>Resource Files\Header Files\Core</Filter>
    </ClInclude>
    <ClInclude Include="Engine\Core\gDefferedShading.h">
      <Filter>Resource Files\Header Files\Core</Filter>
    </ClInclude>
    <ClInclude Include="Engine\Core\gParticleEmitter.h">
      <Filter>Resource Files\Header Files\Core</Filter>
    </ClInclude>
    <ClInclude Include="Engine\Core\gResources.h">
      <Filter>Resource Files\Header Files\Core</Filter>
    </ClInclude>
    <ClInclude Include="Engine\Game\gActor.h">
      <Filter>Resource Files\Header Files\Core</Filter>
    </ClInclude>
    <ClInclude Include="Engine\Core\gPrimitive.h">
      <Filter>Resource Files\Header Files\Core</Filter>
    </ClInclude>
    <ClInclude Include="Engine\Core\Containers\gObjectsList.h">
      <Filter>Resource Files\Header Files\Core\Containers</Filter>
    </ClInclude>
    <ClInclude Include="Engine\Core\gParticle.h">
      <Filter>Resource Files\Header Files\Core</Filter>
    </ClInclude>
    <ClInclude Include="Engine\Core\gTimer.h">
      <Filter>Resource Files\Header Files\Core</Filter>
    </ClInclude>
    <ClInclude Include="Engine\Game\gTerrain.h">
      <Filter>Resource Files\Header Files\Core</Filter>
    </ClInclude>
    <ClInclude Include="Engine\Core\gPhysicsWorld.h">
      <Filter>Resource Files\Header Files\Core</Filter>
    </ClInclude>
    <ClInclude Include="Engine\Editor\gParticleEditor.h">
      <Filter>Resource Files\Header Files\Editor</Filter>
    </ClInclude>
    <ClInclude Include="Engine\Core\gLighting.h">
      <Filter>Resource Files\Header Files\Core</Filter>
    </ClInclude>
    <ClInclude Include="Engine\Core\gShadow.h">
      <Filter>Resource Files\Header Files\Core</Filter>
    </ClInclude>
    <ClInclude Include="Engine\Core\gAnimation.h">
      <Filter>Resource Files\Source Files\Editor</Filter>
    </ClInclude>
  </ItemGroup>
  <ItemGroup>
    <None Include="3rdParty\vcpkg\packages\libsndfile_x64-windows\bin\sndfile.dll">
      <Filter>Resource Files\Source Files\3rdParty</Filter>
    </None>
  </ItemGroup>
</Project>